{
  "name": "csscheck",
  "lockfileVersion": 3,
  "requires": true,
  "packages": {
    "": {
      "dependencies": {
        "@mdn/browser-compat-data": "^5.5.23"
      }
    },
    "node_modules/@mdn/browser-compat-data": {
      "version": "5.5.23",
      "resolved": "https://registry.npmjs.org/@mdn/browser-compat-data/-/browser-compat-data-5.5.23.tgz",
      "integrity": "sha512-nIy38qL3nfNcGOz5J2BJQpBXa7vM9QO1+wbyvqqS89lgNTWE8Q10whLsmE0sTVBooXiEaRc4fVME5IXjCYiHAw=="
    }
  }
}
